{
    "_meta": {
        "hash": {
            "sha256": "a47bc0e334e8a78fd53a74eb903b031d6769570f250e6b0c85bd8b0798ee8ced"
        },
        "pipfile-spec": 6,
        "requires": {
            "python_version": "3"
        },
        "sources": [
            {
                "name": "pypi",
                "url": "https://pypi.org/simple",
                "verify_ssl": true
            }
        ]
    },
    "default": {
        "asgiref": {
            "hashes": [
                "sha256:3e1e3ecc849832fe52ccf2cb6686b7a55f82bb1d6aee72a58826471390335e47",
                "sha256:c343bd80a0bec947a9860adb4c432ffa7db769836c64238fc34bdc3fec84d590"
            ],
            "markers": "python_version >= '3.8'",
            "version": "==3.8.1"
        },
        "cx-oracle": {
            "hashes": [
                "sha256:076ffb71279d6b2dcbf7df028f62a01e18ce5bb73d8b01eab582bf14a62f4a61",
                "sha256:07f01608dfb6603a8f2a868fc7c7bdc951480f187df8dbc50f4d48c884874e6a",
                "sha256:3b2d215af4441463c97ea469b9cc307460739f89fdfa8ea222ea3518f1a424d9",
                "sha256:3baa878597c5fadb2c72f359f548431c7be001e722ce4a4ebdf3d2293a1bb70b",
                "sha256:410747d542e5f94727f5f0e42e9706c772cf9094fb348ce965ab88b3a9e4d2d8",
                "sha256:4b3afe7a911cebaceda908228d36839f6441cbd38e5df491ec25960562bb01a0",
                "sha256:4c82ca74442c298ceec56d207450c192e06ecf8ad52eb4aaad0812e147ceabf7",
                "sha256:54164974d526b76fdefb0b66a42b68e1fca5df78713d0eeb8c1d0047b83f6bcf",
                "sha256:70d3cf030aefd71f99b45beba77237b2af448adf5e26be0db3d0d3dee6ea4230",
                "sha256:715a8bbda5982af484ded14d184304cc552c1096c82471dd2948298470e88a04",
                "sha256:b6a23da225f03f50a81980c61dbd6a358c3575f212ca7f4c22bb65a9faf94f7f",
                "sha256:b82e4b165ffd807a2bd256259a6b81b0a2452883d39f987509e2292d494ea163",
                "sha256:b902db61dcdcbbf8dd981f5a46d72fef40c5150c7fc0eb0f0698b462d6eb834e",
                "sha256:bf01ce87edb4ef663b2e5bd604e1e0154d2cc2f12b60301f788b569d9db8a900",
                "sha256:de42bdc882abdc5cea54597da27a05593b44143728e5b629ad5d35decb1a2036",
                "sha256:df412238a9948340591beee9ec64fa62a2efacc0d91107034a7023e2991fba97"
            ],
            "index": "pypi",
            "version": "==8.3.0"
        },
        "django": {
            "hashes": [
                "sha256:29019a5763dbd48da1720d687c3522ef40d1c61be6fb2fad27ed79e9f655bc11",
                "sha256:e762bef8629ee704de215ebbd32062b84f4e56327eed412e5544f6f6eb1dfd74"
            ],
            "index": "pypi",
            "markers": "python_version >= '3.10'",
            "version": "==5.0.14"
        },
        "lock": {
            "hashes": [
                "sha256:cc5ac770930493eed7a8cfd0cf2568a125faf112eb8aa6b6149b3e581523d0c7"
            ],
            "index": "pypi",
            "version": "==2018.3.25.2110"
        },
        "mssql-django": {
            "hashes": [
                "sha256:14a2111bd126c4eaad230df8677b003a4d57b9616a9412247fb468e3ea68ed16",
                "sha256:528adbd095b8ac908951898a57ca854276e64e231355f8c7cdee24fca695d857"
            ],
            "index": "pypi",
            "version": "==1.5"
        },
        "mysqlclient": {
            "hashes": [
                "sha256:199dab53a224357dd0cb4d78ca0e54018f9cee9bf9ec68d72db50e0a23569076",
                "sha256:201a6faa301011dd07bca6b651fe5aaa546d7c9a5426835a06c3172e1056a3c5",
                "sha256:24ae22b59416d5fcce7e99c9d37548350b4565baac82f95e149cac6ce4163845",
                "sha256:2e3c11f7625029d7276ca506f8960a7fd3c5a0a0122c9e7404e6a8fe961b3d22",
                "sha256:4b4c0200890837fc64014cc938ef2273252ab544c1b12a6c1d674c23943f3f2e",
                "sha256:92af368ed9c9144737af569c86d3b6c74a012a6f6b792eb868384787b52bb585",
                "sha256:977e35244fe6ef44124e9a1c2d1554728a7b76695598e4b92b37dc2130503069",
                "sha256:a22d99d26baf4af68ebef430e3131bb5a9b722b79a9fcfac6d9bbf8a88800687"
            ],
            "index": "pypi",
            "markers": "python_version >= '3.8'",
            "version": "==2.2.7"
        },
        "psycopg2": {
            "hashes": [
                "sha256:0435034157049f6846e95103bd8f5a668788dd913a7c30162ca9503fdf542cb4",
                "sha256:12ec0b40b0273f95296233e8750441339298e6a572f7039da5b260e3c8b60e11",
                "sha256:47c4f9875125344f4c2b870e41b6aad585901318068acd01de93f3677a6522c2",
                "sha256:4a579d6243da40a7b3182e0430493dbd55950c493d8c68f4eec0b302f6bbf20e",
                "sha256:5df2b672140f95adb453af93a7d669d7a7bf0a56bcd26f1502329166f4a61716",
                "sha256:65a63d7ab0e067e2cdb3cf266de39663203d38d6a8ed97f5ca0cb315c73fe067",
                "sha256:88138c8dedcbfa96408023ea2b0c369eda40fe5d75002c0964c78f46f11fa442",
                "sha256:91fd603a2155da8d0cfcdbf8ab24a2d54bca72795b90d2a3ed2b6da8d979dee2",
                "sha256:9d5b3b94b79a844a986d029eee38998232451119ad653aea42bb9220a8c5066b",
                "sha256:c6f7b8561225f9e711a9c47087388a97fdc948211c10a4bccbf0ba68ab7b3b5a"
            ],
            "index": "pypi",
            "markers": "python_version >= '3.8'",
            "version": "==2.9.10"
        },
        "pyodbc": {
            "hashes": [
                "sha256:057b8ede91b21d9f0ef58210d1ca1aad704e641ca68ac6b02f109d86b61d7402",
                "sha256:0dae0fb86078c87acf135dbe5afd3c7d15d52ab0db5965c44159e84058c3e2fb",
                "sha256:0e4412f8e608db2a4be5bcc75f9581f386ed6a427dbcb5eac795049ba6fc205e",
                "sha256:113f904b9852c12f10c7a3288f5a3563ecdbbefe3ccc829074a9eb8255edcd29",
                "sha256:207f16b7e9bf09c591616429ebf2b47127e879aad21167ac15158910dc9bbcda",
                "sha256:26844d780045bbc3514d5c2f0d89e7fda7df7db0bd24292eb6902046f5730885",
                "sha256:26b7f8324fa01c09fe4843ad8adb0b131299ef263a1fb9e63830c9cd1d5c45e4",
                "sha256:26d2d8fd53b71204c755abc53b0379df4e23fd9a40faf211e1cb87e8a32470f0",
                "sha256:2b5323be83fedc79a6d1e1b96e67bdc368c1d3f1562b8f8184b735acdd749ae9",
                "sha256:4627779f0a608b51ce2d2fe6d1d395384e65ca36248bf9dbb6d7cf2c8fda1cab",
                "sha256:4d997d3b6551273647825c734158ca8a6f682df269f6b3975f2499c01577ddec",
                "sha256:4fde753fcea625bfaed36edae34c2fba15bf0b5d0ea27474ee038ef47b684d1d",
                "sha256:5102007a8c78dd2fc1c1b6f6147de8cfc020f81013e4b46c33e66aaa7d1bf7b1",
                "sha256:5f0ecbc7067467df95c9b8bd38fb2682c4a13a3402d77dccaddf1e145cea8cc0",
                "sha256:600ef6f562f609f5612ffaa8a93827249150aa3030c867937c87b24a1608967e",
                "sha256:6493b9c7506ca964b80ad638d0dc82869df7058255d71f04fdd1405e88bcb36b",
                "sha256:74135cb10c1dcdbd99fe429c61539c232140e62939fa7c69b0a373cc552e4a08",
                "sha256:770e1ac2e7bdf31439bf1d57a1d34ae37d6151216367e8e3f6cdc275006c8bb0",
                "sha256:7e3cbc7075a46c411b531ada557c4aef13d034060a70077717124cabc1717e2d",
                "sha256:96d3127f28c0dacf18da7ae009cd48eac532d3dcc718a334b86a3c65f6a5ef5c",
                "sha256:97d086a8f7a302b74c9c2e77bedf954a603b19168af900d4d3a97322e773df63",
                "sha256:9e8f4ee2c523bbe85124540ffad62a3b62ae481f012e390ef93e0602b6302e5e",
                "sha256:9f7badd0055221a744d76c11440c0856fd2846ed53b6555cf8f0a8893a3e4b03",
                "sha256:a27996b6d27e275dfb5fe8a34087ba1cacadfd1439e636874ef675faea5149d9",
                "sha256:ad633c52f4f4e7691daaa2278d6e6ebb2fe4ae7709e610e22c7dd1a1d620cf8b",
                "sha256:b1f5686b142759c5b2bdbeaa0692622c2ebb1f10780eb3c174b85f5607fbcf55",
                "sha256:b77556349746fb90416a48bd114cd7323f7e2559a4b263dada935f9b406ba59b",
                "sha256:be43d1ece4f2cf4d430996689d89a1a15aeb3a8da8262527e5ced5aee27e89c3",
                "sha256:d287121eeaa562b9ab3d4c52fa77c793dfedd127049273eb882a05d3d67a8ce8",
                "sha256:d57843b9792994f9e73b91667da6452a4f2d7caaa2499598783eb972c4b6eb93",
                "sha256:dc5342d1d09466f9e76e3979551f9205a01ff0ea78b02d2d889171e8c3c4fb9c",
                "sha256:de1ee7ec2eb326b7be5e2c4ce20d472c5ef1a6eb838d126d1d26779ff5486e49",
                "sha256:de8be39809c8ddeeee26a4b876a6463529cd487a60d1393eb2a93e9bcd44a8f5",
                "sha256:e04de873607fb960e71953c164c83e8e5d9291ce0d69e688e54947b254b04902",
                "sha256:eaf42c4bd323b8fd01f1cd900cca2d09232155f9b8f0b9bcd0be66763588ce64",
                "sha256:eb0850e3e3782f57457feed297e220bb20c3e8fd7550d7a6b6bb96112bd9b6fe",
                "sha256:f1f38adc47d36af392475cd4aaae0f35652fdc9e8364bf155810fe1be591336f"
            ],
            "index": "pypi",
            "markers": "python_version >= '3.8'",
            "version": "==5.2.0"
        },
        "pytz": {
            "hashes": [
                "sha256:360b9e3dbb49a209c21ad61809c7fb453643e048b38924c765813546746e81c3",
                "sha256:5ddf76296dd8c44c26eb8f4b6f35488f3ccbf6fbbd7adee0b7262d43f0ec2f00"
            ],
            "version": "==2025.2"
        },
        "sqlparse": {
            "hashes": [
                "sha256:09f67787f56a0b16ecdbde1bfc7f5d9c3371ca683cfeaa8e6ff60b4807ec9272",
                "sha256:cf2196ed3418f3ba5de6af7e82c694a9fbdbfecccdfc72e281548517081f16ca"
            ],
            "markers": "python_version >= '3.8'",
            "version": "==0.5.3"
        }
    },
    "develop": {}
}
